// !$*UTF8*$!
{
	archiveVersion = 1;
	classes = {
	};
	objectVersion = 50;
	objects = {

/* Begin PBXBuildFile section */
		04CDDFBD2454B9A300DB7A15 /* AppDelegate.swift in Sources */ = {isa = PBXBuildFile; fileRef = 04CDDFBC2454B9A300DB7A15 /* AppDelegate.swift */; };
		04CDDFBF2454B9A300DB7A15 /* SceneDelegate.swift in Sources */ = {isa = PBXBuildFile; fileRef = 04CDDFBE2454B9A300DB7A15 /* SceneDelegate.swift */; };
		04CDDFC12454B9A300DB7A15 /* ViewController.swift in Sources */ = {isa = PBXBuildFile; fileRef = 04CDDFC02454B9A300DB7A15 /* ViewController.swift */; };
		04CDDFC42454B9A300DB7A15 /* Main.storyboard in Resources */ = {isa = PBXBuildFile; fileRef = 04CDDFC22454B9A300DB7A15 /* Main.storyboard */; };
		04CDDFC72454B9A300DB7A15 /* TestData.xcdatamodeld in Sources */ = {isa = PBXBuildFile; fileRef = 04CDDFC52454B9A300DB7A15 /* TestData.xcdatamodeld */; };
		04CDDFC92454B9A400DB7A15 /* Assets.xcassets in Resources */ = {isa = PBXBuildFile; fileRef = 04CDDFC82454B9A400DB7A15 /* Assets.xcassets */; };
		04CDDFCC2454B9A400DB7A15 /* LaunchScreen.storyboard in Resources */ = {isa = PBXBuildFile; fileRef = 04CDDFCA2454B9A400DB7A15 /* LaunchScreen.storyboard */; };
/* End PBXBuildFile section */

/* Begin PBXFileReference section */
		04CDDFB92454B9A300DB7A15 /* TestData.app */ = {isa = PBXFileReference; explicitFileType = wrapper.application; includeInIndex = 0; path = TestData.app; sourceTree = BUILT_PRODUCTS_DIR; };
		04CDDFBC2454B9A300DB7A15 /* AppDelegate.swift */ = {isa = PBXFileReference; lastKnownFileType = sourcecode.swift; path = AppDelegate.swift; sourceTree = "<group>"; };
		04CDDFBE2454B9A300DB7A15 /* SceneDelegate.swift */ = {isa = PBXFileReference; lastKnownFileType = sourcecode.swift; path = SceneDelegate.swift; sourceTree = "<group>"; };
		04CDDFC02454B9A300DB7A15 /* ViewController.swift */ = {isa = PBXFileReference; lastKnownFileType = sourcecode.swift; path = ViewController.swift; sourceTree = "<group>"; };
		04CDDFC32454B9A300DB7A15 /* Base */ = {isa = PBXFileReference; lastKnownFileType = file.storyboard; name = Base; path = Base.lproj/Main.storyboard; sourceTree = "<group>"; };
		04CDDFC62454B9A300DB7A15 /* TestData.xcdatamodel */ = {isa = PBXFileReference; lastKnownFileType = wrapper.xcdatamodel; path = TestData.xcdatamodel; sourceTree = "<group>"; };
		04CDDFC82454B9A400DB7A15 /* Assets.xcassets */ = {isa = PBXFileReference; lastKnownFileType = folder.assetcatalog; path = Assets.xcassets; sourceTree = "<group>"; };
		04CDDFCB2454B9A400DB7A15 /* Base */ = {isa = PBXFileReference; lastKnownFileType = file.storyboard; name = Base; path = Base.lproj/LaunchScreen.storyboard; sourceTree = "<group>"; };
		04CDDFCD2454B9A400DB7A15 /* Info.plist */ = {isa = PBXFileReference; lastKnownFileType = text.plist.xml; path = Info.plist; sourceTree = "<group>"; };
/* End PBXFileReference section */

/* Begin PBXFrameworksBuildPhase section */
		04CDDFB62454B9A300DB7A15 /* Frameworks */ = {
			isa = PBXFrameworksBuildPhase;
			buildActionMask = 2147483647;
			files = (
			);
			runOnlyForDeploymentPostprocessing = 0;
		};
/* End PBXFrameworksBuildPhase section */

/* Begin PBXGroup section */
		04CDDFB02454B9A300DB7A15 = {
			isa = PBXGroup;
			children = (
				04CDDFBB2454B9A300DB7A15 /* TestData */,
				04CDDFBA2454B9A300DB7A15 /* Products */,
			);
			sourceTree = "<group>";
		};
		04CDDFBA2454B9A300DB7A15 /* Products */ = {
			isa = PBXGroup;
			children = (
				04CDDFB92454B9A300DB7A15 /* TestData.app */,
			);
			name = Products;
			sourceTree = "<group>";
		};
		04CDDFBB2454B9A300DB7A15 /* TestData */ = {
			isa = PBXGroup;
			children = (
				04CDDFBC2454B9A300DB7A15 /* AppDelegate.swift */,
				04CDDFBE2454B9A300DB7A15 /* SceneDelegate.swift */,
				04CDDFC02454B9A300DB7A15 /* ViewController.swift */,
				04CDDFC22454B9A300DB7A15 /* Main.storyboard */,
				04CDDFC82454B9A400DB7A15 /* Assets.xcassets */,
				04CDDFCA2454B9A400DB7A15 /* LaunchScreen.storyboard */,
				04CDDFCD2454B9A400DB7A15 /* Info.plist */,
				04CDDFC52454B9A300DB7A15 /* TestData.xcdatamodeld */,
			);
			path = TestData;
			sourceTree = "<group>";
		};
/* End PBXGroup section */

/* Begin PBXNativeTarget section */
		04CDDFB82454B9A300DB7A15 /* TestData */ = {
			isa = PBXNativeTarget;
			buildConfigurationList = 04CDDFD02454B9A400DB7A15 /* Build configuration list for PBXNativeTarget "TestData" */;
			buildPhases = (
				04CDDFB52454B9A300DB7A15 /* Sources */,
				04CDDFB62454B9A300DB7A15 /* Frameworks */,
				04CDDFB72454B9A300DB7A15 /* Resources */,
			);
			buildRules = (
			);
			dependencies = (
			);
			name = TestData;
			productName = TestData;
			productReference = 04CDDFB92454B9A300DB7A15 /* TestData.app */;
			productType = "com.apple.product-type.application";
		};
/* End PBXNativeTarget section */

/* Begin PBXProject section */
		04CDDFB12454B9A300DB7A15 /* Project object */ = {
			isa = PBXProject;
			attributes = {
				LastSwiftUpdateCheck = 1140;
				LastUpgradeCheck = 1140;
				ORGANIZATIONNAME = EniTony;
				TargetAttributes = {
					04CDDFB82454B9A300DB7A15 = {
						CreatedOnToolsVersion = 11.4.1;
					};
				};
			};
			buildConfigurationList = 04CDDFB42454B9A300DB7A15 /* Build configuration list for PBXProject "TestData" */;
			compatibilityVersion = "Xcode 9.3";
			developmentRegion = en;
			hasScannedForEncodings = 0;
			knownRegions = (
				en,
				Base,
			);
			mainGroup = 04CDDFB02454B9A300DB7A15;
			productRefGroup = 04CDDFBA2454B9A300DB7A15 /* Products */;
			projectDirPath = "";
			projectRoot = "";
			targets = (
				04CDDFB82454B9A300DB7A15 /* TestData */,
			);
		};
/* End PBXProject section */

/* Begin PBXResourcesBuildPhase section */
		04CDDFB72454B9A300DB7A15 /* Resources */ = {
			isa = PBXResourcesBuildPhase;
			buildActionMask = 2147483647;
			files = (
				04CDDFCC2454B9A400DB7A15 /* LaunchScreen.storyboard in Resources */,
				04CDDFC92454B9A400DB7A15 /* Assets.xcassets in Resources */,
				04CDDFC42454B9A300DB7A15 /* Main.storyboard in Resources */,
			);
			runOnlyForDeploymentPostprocessing = 0;
		};
/* End PBXResourcesBuildPhase section */

/* Begin PBXSourcesBuildPhase section */
		04CDDFB52454B9A300DB7A15 /* Sources */ = {
			isa = PBXSourcesBuildPhase;
			buildActionMask = 2147483647;
			files = (
				04CDDFC12454B9A300DB7A15 /* ViewController.swift in Sources */,
				04CDDFBD2454B9A300DB7A15 /* AppDelegate.swift in Sources */,
				04CDDFBF2454B9A300DB7A15 /* SceneDelegate.swift in Sources */,
				04CDDFC72454B9A300DB7A15 /* TestData.xcdatamodeld in Sources */,
			);
			runOnlyForDeploymentPostprocessing = 0;
		};
/* End PBXSourcesBuildPhase section */

/* Begin PBXVariantGroup section */
		04CDDFC22454B9A300DB7A15 /* Main.storyboard */ = {
			isa = PBXVariantGroup;
			children = (
				04CDDFC32454B9A300DB7A15 /* Base */,
			);
			name = Main.storyboard;
			sourceTree = "<group>";
		};
		04CDDFCA2454B9A400DB7A15 /* LaunchScreen.storyboard */ = {
			isa = PBXVariantGroup;
			children = (
				04CDDFCB2454B9A400DB7A15 /* Base */,
			);
			name = LaunchScreen.storyboard;
			sourceTree = "<group>";
		};
/* End PBXVariantGroup section */

/* Begin XCBuildConfiguration section */
		04CDDFCE2454B9A400DB7A15 /* Debug */ = {
			isa = XCBuildConfiguration;
			buildSettings = {
				ALWAYS_SEARCH_USER_PATHS = NO;
				CLANG_ANALYZER_NONNULL = YES;
				CLANG_ANALYZER_NUMBER_OBJECT_CONVERSION = YES_AGGRESSIVE;
				CLANG_CXX_LANGUAGE_STANDARD = "gnu++14";
				CLANG_CXX_LIBRARY = "libc++";
				CLANG_ENABLE_MODULES = YES;
				CLANG_ENABLE_OBJC_ARC = YES;
				CLANG_ENABLE_OBJC_WEAK = YES;
				CLANG_WARN_BLOCK_CAPTURE_AUTORELEASING = YES;
				CLANG_WARN_BOOL_CONVERSION = YES;
				CLANG_WARN_COMMA = YES;
				CLANG_WARN_CONSTANT_CONVERSION = YES;
				CLANG_WARN_DEPRECATED_OBJC_IMPLEMENTATIONS = YES;
				CLANG_WARN_DIRECT_OBJC_ISA_USAGE = YES_ERROR;
				CLANG_WARN_DOCUMENTATION_COMMENTS = YES;
				CLANG_WARN_EMPTY_BODY = YES;
				CLANG_WARN_ENUM_CONVERSION = YES;
				CLANG_WARN_INFINITE_RECURSION = YES;
				CLANG_WARN_INT_CONVERSION = YES;
				CLANG_WARN_NON_LITERAL_NULL_CONVERSION = YES;
				CLANG_WARN_OBJC_IMPLICIT_RETAIN_SELF = YES;
				CLANG_WARN_OBJC_LITERAL_CONVERSION = YES;
				CLANG_WARN_OBJC_ROOT_CLASS = YES_ERROR;
				CLANG_WARN_RANGE_LOOP_ANALYSIS = YES;
				CLANG_WARN_STRICT_PROTOTYPES = YES;
				CLANG_WARN_SUSPICIOUS_MOVE = YES;
				CLANG_WARN_UNGUARDED_AVAILABILITY = YES_AGGRESSIVE;
				CLANG_WARN_UNREACHABLE_CODE = YES;
				CLANG_WARN__DUPLICATE_METHOD_MATCH = YES;
				COPY_PHASE_STRIP = NO;
				DEBUG_INFORMATION_FORMAT = dwarf;
				ENABLE_STRICT_OBJC_MSGSEND = YES;
				ENABLE_TESTABILITY = YES;
				GCC_C_LANGUAGE_STANDARD = gnu11;
				GCC_DYNAMIC_NO_PIC = NO;
				GCC_NO_COMMON_BLOCKS = YES;
				GCC_OPTIMIZATION_LEVEL = 0;
				GCC_PREPROCESSOR_DEFINITIONS = (
					"DEBUG=1",
					"$(inherited)",
				);
				GCC_WARN_64_TO_32_BIT_CONVERSION = YES;
				GCC_WARN_ABOUT_RETURN_TYPE = YES_ERROR;
				GCC_WARN_UNDECLARED_SELECTOR = YES;
				GCC_WARN_UNINITIALIZED_AUTOS = YES_AGGRESSIVE;
				GCC_WARN_UNUSED_FUNCTION = YES;
				GCC_WARN_UNUSED_VARIABLE = YES;
				IPHONEOS_DEPLOYMENT_TARGET = 13.4;
				MTL_ENABLE_DEBUG_INFO = INCLUDE_SOURCE;
				MTL_FAST_MATH = YES;
				ONLY_ACTIVE_ARCH = YES;
				SDKROOT = iphoneos;
				SWIFT_ACTIVE_COMPILATION_CONDITIONS = DEBUG;
				SWIFT_OPTIMIZATION_LEVEL = "-Onone";
			};
			name = Debug;
		};
		04CDDFCF2454B9A400DB7A15 /* Release */ = {
			isa = XCBuildConfiguration;
			buildSettings = {
				ALWAYS_SEARCH_USER_PATHS = NO;
				CLANG_ANALYZER_NONNULL = YES;
				CLANG_ANALYZER_NUMBER_OBJECT_CONVERSION = YES_AGGRESSIVE;
				CLANG_CXX_LANGUAGE_STANDARD = "gnu++14";
				CLANG_CXX_LIBRARY = "libc++";
				CLANG_ENABLE_MODULES = YES;
				CLANG_ENABLE_OBJC_ARC = YES;
				CLANG_ENABLE_OBJC_WEAK = YES;
				CLANG_WARN_BLOCK_CAPTURE_AUTORELEASING = YES;
				CLANG_WARN_BOOL_CONVERSION = YES;
				CLANG_WARN_COMMA = YES;
				CLANG_WARN_CONSTANT_CONVERSION = YES;
				CLANG_WARN_DEPRECATED_OBJC_IMPLEMENTATIONS = YES;
				CLANG_WARN_DIRECT_OBJC_ISA_USAGE = YES_ERROR;
				CLANG_WARN_DOCUMENTATION_COMMENTS = YES;
				CLANG_WARN_EMPTY_BODY = YES;
				CLANG_WARN_ENUM_CONVERSION = YES;
				CLANG_WARN_INFINITE_RECURSION = YES;
				CLANG_WARN_INT_CONVERSION = YES;
				CLANG_WARN_NON_LITERAL_NULL_CONVERSION = YES;
				CLANG_WARN_OBJC_IMPLICIT_RETAIN_SELF = YES;
				CLANG_WARN_OBJC_LITERAL_CONVERSION = YES;
				CLANG_WARN_OBJC_ROOT_CLASS = YES_ERROR;
				CLANG_WARN_RANGE_LOOP_ANALYSIS = YES;
				CLANG_WARN_STRICT_PROTOTYPES = YES;
				CLANG_WARN_SUSPICIOUS_MOVE = YES;
				CLANG_WARN_UNGUARDED_AVAILABILITY = YES_AGGRESSIVE;
				CLANG_WARN_UNREACHABLE_CODE = YES;
				CLANG_WARN__DUPLICATE_METHOD_MATCH = YES;
				COPY_PHASE_STRIP = NO;
				DEBUG_INFORMATION_FORMAT = "dwarf-with-dsym";
				ENABLE_NS_ASSERTIONS = NO;
				ENABLE_STRICT_OBJC_MSGSEND = YES;
				GCC_C_LANGUAGE_STANDARD = gnu11;
				GCC_NO_COMMON_BLOCKS = YES;
				GCC_WARN_64_TO_32_BIT_CONVERSION = YES;
				GCC_WARN_ABOUT_RETURN_TYPE = YES_ERROR;
				GCC_WARN_UNDECLARED_SELECTOR = YES;
				GCC_WARN_UNINITIALIZED_AUTOS = YES_AGGRESSIVE;
				GCC_WARN_UNUSED_FUNCTION = YES;
				GCC_WARN_UNUSED_VARIABLE = YES;
				IPHONEOS_DEPLOYMENT_TARGET = 13.4;
				MTL_ENABLE_DEBUG_INFO = NO;
				MTL_FAST_MATH = YES;
				SDKROOT = iphoneos;
				SWIFT_COMPILATION_MODE = wholemodule;
				SWIFT_OPTIMIZATION_LEVEL = "-O";
				VALIDATE_PRODUCT = YES;
			};
			name = Release;
		};
		04CDDFD12454B9A400DB7A15 /* Debug */ = {
			isa = XCBuildConfiguration;
			buildSettings = {
				ASSETCATALOG_COMPILER_APPICON_NAME = AppIcon;
				CODE_SIGN_STYLE = Automatic;
				INFOPLIST_FILE = TestData/Info.plist;
				LD_RUNPATH_SEARCH_PATHS = (
					"$(inherited)",
					"@executable_path/Frameworks",
				);
				PRODUCT_BUNDLE_IDENTIFIER = com.333TreeTechnology.TestData;
				PRODUCT_NAME = "$(TARGET_NAME)";
				SWIFT_VERSION = 5.0;
				TARGETED_DEVICE_FAMILY = "1,2";
			};
			name = Debug;
		};
		04CDDFD22454B9A400DB7A15 /* Release */ = {
			isa = XCBuildConfiguration;
			buildSettings = {
				ASSETCATALOG_COMPILER_APPICON_NAME = AppIcon;
				CODE_SIGN_STYLE = Automatic;
				INFOPLIST_FILE = TestData/Info.plist;
				LD_RUNPATH_SEARCH_PATHS = (
					"$(inherited)",
					"@executable_path/Frameworks",
				);
				PRODUCT_BUNDLE_IDENTIFIER = com.333TreeTechnology.TestData;
				PRODUCT_NAME = "$(TARGET_NAME)";
				SWIFT_VERSION = 5.0;
				TARGETED_DEVICE_FAMILY = "1,2";
			};
			name = Release;
		};
/* End XCBuildConfiguration section */

/* Begin XCConfigurationList section */
		04CDDFB42454B9A300DB7A15 /* Build configuration list for PBXProject "TestData" */ = {
			isa = XCConfigurationList;
			buildConfigurations = (
				04CDDFCE2454B9A400DB7A15 /* Debug */,
				04CDDFCF2454B9A400DB7A15 /* Release */,
			);
			defaultConfigurationIsVisible = 0;
			defaultConfigurationName = Release;
		};
		04CDDFD02454B9A400DB7A15 /* Build configuration list for PBXNativeTarget "TestData" */ = {
			isa = XCConfigurationList;
			buildConfigurations = (
				04CDDFD12454B9A400DB7A15 /* Debug */,
				04CDDFD22454B9A400DB7A15 /* Release */,
			);
			defaultConfigurationIsVisible = 0;
			defaultConfigurationName = Release;
		};
/* End XCConfigurationList section */

/* Begin XCVersionGroup section */
		04CDDFC52454B9A300DB7A15 /* TestData.xcdatamodeld */ = {
			isa = XCVersionGroup;
			children = (
				04CDDFC62454B9A300DB7A15 /* TestData.xcdatamodel */,
			);
			currentVersion = 04CDDFC62454B9A300DB7A15 /* TestData.xcdatamodel */;
			path = TestData.xcdatamodeld;
			sourceTree = "<group>";
			versionGroupType = wrapper.xcdatamodel;
		};
/* End XCVersionGroup section */
	};
	rootObject = 04CDDFB12454B9A300DB7A15 /* Project object */;
}
